
Microsoft Visual Studio Solution File, Format Version 12.00
# Visual Studio Version 17
VisualStudioVersion = 17.3.32901.215
MinimumVisualStudioVersion = 10.0.40219.1
Project("{2150E333-8FDC-42A3-9474-1A3956D46DE8}") = "Library", "Library", "{DE67C4BE-2FA1-46DE-93D3-4C0FC7BDEF0B}"
EndProject
Project("{2150E333-8FDC-42A3-9474-1A3956D46DE8}") = "Customer Demo Program - PC", "Customer Demo Program - PC", "{DDA9A0A9-3796-4C87-BAF4-23DE4B612129}"
EndProject
Project("{2150E333-8FDC-42A3-9474-1A3956D46DE8}") = "CSLibrary", "CSLibrary", "{699513B0-590A-44AD-BB09-27D5E30E832E}"
EndProject
Project("{FAE04EC0-301F-11D3-BF4B-00C04F79EFBC}") = "CSLibrary - NET4", "Library Source\CSLibrary - NET4.csproj", "{9E398038-289E-4E94-B26F-63A51925BBA4}"
EndProject
Project("{FAE04EC0-301F-11D3-BF4B-00C04F79EFBC}") = "CSL CheckStatus VS2008", "CSL RFID Demo Apps\Source\CSL CheckStatus\CSL CheckStatus VS2008.csproj", "{DCCDCD44-F22A-4071-A7D3-9D149CBBE835}"
EndProject
Project("{FAE04EC0-301F-11D3-BF4B-00C04F79EFBC}") = "CS Native Demo VS2008", "CSL RFID Demo Apps\Source\CS Native Demo XP\CS Native Demo VS2008.csproj", "{7337347A-11B3-45F5-B63B-2372B97707B6}"
EndProject
Project("{F184B08F-C81C-45F6-A57F-5ABD9991F28F}") = "VB Native Demo", "CSL RFID Demo Apps\Source\VB Native Demo\VB Native Demo.vbproj", "{0BD97FF2-CF93-42E9-A1AB-DBC0FD7DD5EF}"
EndProject
Project("{FAE04EC0-301F-11D3-BF4B-00C04F79EFBC}") = "CSL 4 Port CheckStatus VS2008", "CSL RFID Demo Apps\Source\CSL 4 Port CheckStatus\CSL 4 Port CheckStatus VS2008.csproj", "{A90DAC3B-F7F4-4361-9DC7-B9402C03B7A2}"
EndProject
Global
	GlobalSection(SolutionConfigurationPlatforms) = preSolution
		CS101 Debug|Any CPU = CS101 Debug|Any CPU
		CS101 Debug|Mixed Platforms = CS101 Debug|Mixed Platforms
		CS101 Debug|STANDARDSDK_500 (ARMV4I) = CS101 Debug|STANDARDSDK_500 (ARMV4I)
		CS101 Debug|Win32 = CS101 Debug|Win32
		CS101 Debug|x86 = CS101 Debug|x86
		CS101 Release|Any CPU = CS101 Release|Any CPU
		CS101 Release|Mixed Platforms = CS101 Release|Mixed Platforms
		CS101 Release|STANDARDSDK_500 (ARMV4I) = CS101 Release|STANDARDSDK_500 (ARMV4I)
		CS101 Release|Win32 = CS101 Release|Win32
		CS101 Release|x86 = CS101 Release|x86
		CS203 Debug|Any CPU = CS203 Debug|Any CPU
		CS203 Debug|Mixed Platforms = CS203 Debug|Mixed Platforms
		CS203 Debug|STANDARDSDK_500 (ARMV4I) = CS203 Debug|STANDARDSDK_500 (ARMV4I)
		CS203 Debug|Win32 = CS203 Debug|Win32
		CS203 Debug|x86 = CS203 Debug|x86
		CS203 Release|Any CPU = CS203 Release|Any CPU
		CS203 Release|Mixed Platforms = CS203 Release|Mixed Platforms
		CS203 Release|STANDARDSDK_500 (ARMV4I) = CS203 Release|STANDARDSDK_500 (ARMV4I)
		CS203 Release|Win32 = CS203 Release|Win32
		CS203 Release|x86 = CS203 Release|x86
		Debug|Any CPU = Debug|Any CPU
		Debug|Mixed Platforms = Debug|Mixed Platforms
		Debug|STANDARDSDK_500 (ARMV4I) = Debug|STANDARDSDK_500 (ARMV4I)
		Debug|Win32 = Debug|Win32
		Debug|x86 = Debug|x86
		Release|Any CPU = Release|Any CPU
		Release|Mixed Platforms = Release|Mixed Platforms
		Release|STANDARDSDK_500 (ARMV4I) = Release|STANDARDSDK_500 (ARMV4I)
		Release|Win32 = Release|Win32
		Release|x86 = Release|x86
		USB Debug|Any CPU = USB Debug|Any CPU
		USB Debug|Mixed Platforms = USB Debug|Mixed Platforms
		USB Debug|STANDARDSDK_500 (ARMV4I) = USB Debug|STANDARDSDK_500 (ARMV4I)
		USB Debug|Win32 = USB Debug|Win32
		USB Debug|x86 = USB Debug|x86
		USB Release|Any CPU = USB Release|Any CPU
		USB Release|Mixed Platforms = USB Release|Mixed Platforms
		USB Release|STANDARDSDK_500 (ARMV4I) = USB Release|STANDARDSDK_500 (ARMV4I)
		USB Release|Win32 = USB Release|Win32
		USB Release|x86 = USB Release|x86
		VS2008 Release|Any CPU = VS2008 Release|Any CPU
		VS2008 Release|Mixed Platforms = VS2008 Release|Mixed Platforms
		VS2008 Release|STANDARDSDK_500 (ARMV4I) = VS2008 Release|STANDARDSDK_500 (ARMV4I)
		VS2008 Release|Win32 = VS2008 Release|Win32
		VS2008 Release|x86 = VS2008 Release|x86
	EndGlobalSection
	GlobalSection(ProjectConfigurationPlatforms) = postSolution
		{9E398038-289E-4E94-B26F-63A51925BBA4}.CS101 Debug|Any CPU.ActiveCfg = Release|x86
		{9E398038-289E-4E94-B26F-63A51925BBA4}.CS101 Debug|Mixed Platforms.ActiveCfg = Release|x86
		{9E398038-289E-4E94-B26F-63A51925BBA4}.CS101 Debug|Mixed Platforms.Build.0 = Release|x86
		{9E398038-289E-4E94-B26F-63A51925BBA4}.CS101 Debug|STANDARDSDK_500 (ARMV4I).ActiveCfg = Release|x86
		{9E398038-289E-4E94-B26F-63A51925BBA4}.CS101 Debug|Win32.ActiveCfg = Release|x86
		{9E398038-289E-4E94-B26F-63A51925BBA4}.CS101 Debug|x86.ActiveCfg = Release|x86
		{9E398038-289E-4E94-B26F-63A51925BBA4}.CS101 Debug|x86.Build.0 = Release|x86
		{9E398038-289E-4E94-B26F-63A51925BBA4}.CS101 Release|Any CPU.ActiveCfg = Release|Any CPU
		{9E398038-289E-4E94-B26F-63A51925BBA4}.CS101 Release|Any CPU.Build.0 = Release|Any CPU
		{9E398038-289E-4E94-B26F-63A51925BBA4}.CS101 Release|Mixed Platforms.ActiveCfg = Release|x86
		{9E398038-289E-4E94-B26F-63A51925BBA4}.CS101 Release|Mixed Platforms.Build.0 = Release|x86
		{9E398038-289E-4E94-B26F-63A51925BBA4}.CS101 Release|STANDARDSDK_500 (ARMV4I).ActiveCfg = Release|x86
		{9E398038-289E-4E94-B26F-63A51925BBA4}.CS101 Release|Win32.ActiveCfg = Release|x86
		{9E398038-289E-4E94-B26F-63A51925BBA4}.CS101 Release|x86.ActiveCfg = Release|x86
		{9E398038-289E-4E94-B26F-63A51925BBA4}.CS101 Release|x86.Build.0 = Release|x86
		{9E398038-289E-4E94-B26F-63A51925BBA4}.CS203 Debug|Any CPU.ActiveCfg = Release|x86
		{9E398038-289E-4E94-B26F-63A51925BBA4}.CS203 Debug|Mixed Platforms.ActiveCfg = Release|x86
		{9E398038-289E-4E94-B26F-63A51925BBA4}.CS203 Debug|Mixed Platforms.Build.0 = Release|x86
		{9E398038-289E-4E94-B26F-63A51925BBA4}.CS203 Debug|STANDARDSDK_500 (ARMV4I).ActiveCfg = Release|x86
		{9E398038-289E-4E94-B26F-63A51925BBA4}.CS203 Debug|Win32.ActiveCfg = Release|x86
		{9E398038-289E-4E94-B26F-63A51925BBA4}.CS203 Debug|x86.ActiveCfg = Release|x86
		{9E398038-289E-4E94-B26F-63A51925BBA4}.CS203 Debug|x86.Build.0 = Release|x86
		{9E398038-289E-4E94-B26F-63A51925BBA4}.CS203 Release|Any CPU.ActiveCfg = Release|Any CPU
		{9E398038-289E-4E94-B26F-63A51925BBA4}.CS203 Release|Any CPU.Build.0 = Release|Any CPU
		{9E398038-289E-4E94-B26F-63A51925BBA4}.CS203 Release|Mixed Platforms.ActiveCfg = Release|x86
		{9E398038-289E-4E94-B26F-63A51925BBA4}.CS203 Release|Mixed Platforms.Build.0 = Release|x86
		{9E398038-289E-4E94-B26F-63A51925BBA4}.CS203 Release|STANDARDSDK_500 (ARMV4I).ActiveCfg = Release|x86
		{9E398038-289E-4E94-B26F-63A51925BBA4}.CS203 Release|Win32.ActiveCfg = Release|x86
		{9E398038-289E-4E94-B26F-63A51925BBA4}.CS203 Release|x86.ActiveCfg = Release|x86
		{9E398038-289E-4E94-B26F-63A51925BBA4}.CS203 Release|x86.Build.0 = Release|x86
		{9E398038-289E-4E94-B26F-63A51925BBA4}.Debug|Any CPU.ActiveCfg = Release|Any CPU
		{9E398038-289E-4E94-B26F-63A51925BBA4}.Debug|Mixed Platforms.ActiveCfg = Release|x86
		{9E398038-289E-4E94-B26F-63A51925BBA4}.Debug|Mixed Platforms.Build.0 = Release|x86
		{9E398038-289E-4E94-B26F-63A51925BBA4}.Debug|STANDARDSDK_500 (ARMV4I).ActiveCfg = Release|x86
		{9E398038-289E-4E94-B26F-63A51925BBA4}.Debug|Win32.ActiveCfg = Release|x86
		{9E398038-289E-4E94-B26F-63A51925BBA4}.Debug|x86.ActiveCfg = Release|x86
		{9E398038-289E-4E94-B26F-63A51925BBA4}.Debug|x86.Build.0 = Release|x86
		{9E398038-289E-4E94-B26F-63A51925BBA4}.Release|Any CPU.ActiveCfg = Release|Any CPU
		{9E398038-289E-4E94-B26F-63A51925BBA4}.Release|Any CPU.Build.0 = Release|Any CPU
		{9E398038-289E-4E94-B26F-63A51925BBA4}.Release|Mixed Platforms.ActiveCfg = Release|x86
		{9E398038-289E-4E94-B26F-63A51925BBA4}.Release|Mixed Platforms.Build.0 = Release|x86
		{9E398038-289E-4E94-B26F-63A51925BBA4}.Release|STANDARDSDK_500 (ARMV4I).ActiveCfg = Release|x86
		{9E398038-289E-4E94-B26F-63A51925BBA4}.Release|Win32.ActiveCfg = Release|x86
		{9E398038-289E-4E94-B26F-63A51925BBA4}.Release|x86.ActiveCfg = Release|x86
		{9E398038-289E-4E94-B26F-63A51925BBA4}.Release|x86.Build.0 = Release|x86
		{9E398038-289E-4E94-B26F-63A51925BBA4}.USB Debug|Any CPU.ActiveCfg = Release|x86
		{9E398038-289E-4E94-B26F-63A51925BBA4}.USB Debug|Mixed Platforms.ActiveCfg = Release|x86
		{9E398038-289E-4E94-B26F-63A51925BBA4}.USB Debug|Mixed Platforms.Build.0 = Release|x86
		{9E398038-289E-4E94-B26F-63A51925BBA4}.USB Debug|STANDARDSDK_500 (ARMV4I).ActiveCfg = Release|x86
		{9E398038-289E-4E94-B26F-63A51925BBA4}.USB Debug|Win32.ActiveCfg = Release|x86
		{9E398038-289E-4E94-B26F-63A51925BBA4}.USB Debug|x86.ActiveCfg = Release|x86
		{9E398038-289E-4E94-B26F-63A51925BBA4}.USB Debug|x86.Build.0 = Release|x86
		{9E398038-289E-4E94-B26F-63A51925BBA4}.USB Release|Any CPU.ActiveCfg = Release|Any CPU
		{9E398038-289E-4E94-B26F-63A51925BBA4}.USB Release|Any CPU.Build.0 = Release|Any CPU
		{9E398038-289E-4E94-B26F-63A51925BBA4}.USB Release|Mixed Platforms.ActiveCfg = Release|x86
		{9E398038-289E-4E94-B26F-63A51925BBA4}.USB Release|Mixed Platforms.Build.0 = Release|x86
		{9E398038-289E-4E94-B26F-63A51925BBA4}.USB Release|STANDARDSDK_500 (ARMV4I).ActiveCfg = Release|x86
		{9E398038-289E-4E94-B26F-63A51925BBA4}.USB Release|Win32.ActiveCfg = Release|x86
		{9E398038-289E-4E94-B26F-63A51925BBA4}.USB Release|x86.ActiveCfg = Release|x86
		{9E398038-289E-4E94-B26F-63A51925BBA4}.USB Release|x86.Build.0 = Release|x86
		{9E398038-289E-4E94-B26F-63A51925BBA4}.VS2008 Release|Any CPU.ActiveCfg = Release|Any CPU
		{9E398038-289E-4E94-B26F-63A51925BBA4}.VS2008 Release|Any CPU.Build.0 = Release|Any CPU
		{9E398038-289E-4E94-B26F-63A51925BBA4}.VS2008 Release|Mixed Platforms.ActiveCfg = Release|x86
		{9E398038-289E-4E94-B26F-63A51925BBA4}.VS2008 Release|Mixed Platforms.Build.0 = Release|x86
		{9E398038-289E-4E94-B26F-63A51925BBA4}.VS2008 Release|STANDARDSDK_500 (ARMV4I).ActiveCfg = Release|x86
		{9E398038-289E-4E94-B26F-63A51925BBA4}.VS2008 Release|Win32.ActiveCfg = Release|x86
		{9E398038-289E-4E94-B26F-63A51925BBA4}.VS2008 Release|x86.ActiveCfg = Release|x86
		{9E398038-289E-4E94-B26F-63A51925BBA4}.VS2008 Release|x86.Build.0 = Release|x86
		{DCCDCD44-F22A-4071-A7D3-9D149CBBE835}.CS101 Debug|Any CPU.ActiveCfg = Release|Any CPU
		{DCCDCD44-F22A-4071-A7D3-9D149CBBE835}.CS101 Debug|Any CPU.Build.0 = Release|Any CPU
		{DCCDCD44-F22A-4071-A7D3-9D149CBBE835}.CS101 Debug|Mixed Platforms.ActiveCfg = Release|Any CPU
		{DCCDCD44-F22A-4071-A7D3-9D149CBBE835}.CS101 Debug|Mixed Platforms.Build.0 = Release|Any CPU
		{DCCDCD44-F22A-4071-A7D3-9D149CBBE835}.CS101 Debug|STANDARDSDK_500 (ARMV4I).ActiveCfg = Release|Any CPU
		{DCCDCD44-F22A-4071-A7D3-9D149CBBE835}.CS101 Debug|Win32.ActiveCfg = Release|Any CPU
		{DCCDCD44-F22A-4071-A7D3-9D149CBBE835}.CS101 Debug|x86.ActiveCfg = Release|Any CPU
		{DCCDCD44-F22A-4071-A7D3-9D149CBBE835}.CS101 Release|Any CPU.ActiveCfg = Release|Any CPU
		{DCCDCD44-F22A-4071-A7D3-9D149CBBE835}.CS101 Release|Any CPU.Build.0 = Release|Any CPU
		{DCCDCD44-F22A-4071-A7D3-9D149CBBE835}.CS101 Release|Mixed Platforms.ActiveCfg = Release|Any CPU
		{DCCDCD44-F22A-4071-A7D3-9D149CBBE835}.CS101 Release|Mixed Platforms.Build.0 = Release|Any CPU
		{DCCDCD44-F22A-4071-A7D3-9D149CBBE835}.CS101 Release|STANDARDSDK_500 (ARMV4I).ActiveCfg = Release|Any CPU
		{DCCDCD44-F22A-4071-A7D3-9D149CBBE835}.CS101 Release|Win32.ActiveCfg = Release|Any CPU
		{DCCDCD44-F22A-4071-A7D3-9D149CBBE835}.CS101 Release|x86.ActiveCfg = Release|Any CPU
		{DCCDCD44-F22A-4071-A7D3-9D149CBBE835}.CS203 Debug|Any CPU.ActiveCfg = Release|Any CPU
		{DCCDCD44-F22A-4071-A7D3-9D149CBBE835}.CS203 Debug|Any CPU.Build.0 = Release|Any CPU
		{DCCDCD44-F22A-4071-A7D3-9D149CBBE835}.CS203 Debug|Mixed Platforms.ActiveCfg = Release|Any CPU
		{DCCDCD44-F22A-4071-A7D3-9D149CBBE835}.CS203 Debug|Mixed Platforms.Build.0 = Release|Any CPU
		{DCCDCD44-F22A-4071-A7D3-9D149CBBE835}.CS203 Debug|STANDARDSDK_500 (ARMV4I).ActiveCfg = Release|Any CPU
		{DCCDCD44-F22A-4071-A7D3-9D149CBBE835}.CS203 Debug|Win32.ActiveCfg = Release|Any CPU
		{DCCDCD44-F22A-4071-A7D3-9D149CBBE835}.CS203 Debug|x86.ActiveCfg = Release|Any CPU
		{DCCDCD44-F22A-4071-A7D3-9D149CBBE835}.CS203 Release|Any CPU.ActiveCfg = Release|Any CPU
		{DCCDCD44-F22A-4071-A7D3-9D149CBBE835}.CS203 Release|Any CPU.Build.0 = Release|Any CPU
		{DCCDCD44-F22A-4071-A7D3-9D149CBBE835}.CS203 Release|Mixed Platforms.ActiveCfg = Release|Any CPU
		{DCCDCD44-F22A-4071-A7D3-9D149CBBE835}.CS203 Release|Mixed Platforms.Build.0 = Release|Any CPU
		{DCCDCD44-F22A-4071-A7D3-9D149CBBE835}.CS203 Release|STANDARDSDK_500 (ARMV4I).ActiveCfg = Release|Any CPU
		{DCCDCD44-F22A-4071-A7D3-9D149CBBE835}.CS203 Release|Win32.ActiveCfg = Release|Any CPU
		{DCCDCD44-F22A-4071-A7D3-9D149CBBE835}.CS203 Release|x86.ActiveCfg = Release|Any CPU
		{DCCDCD44-F22A-4071-A7D3-9D149CBBE835}.Debug|Any CPU.ActiveCfg = Release|Any CPU
		{DCCDCD44-F22A-4071-A7D3-9D149CBBE835}.Debug|Any CPU.Build.0 = Release|Any CPU
		{DCCDCD44-F22A-4071-A7D3-9D149CBBE835}.Debug|Mixed Platforms.ActiveCfg = Release|Any CPU
		{DCCDCD44-F22A-4071-A7D3-9D149CBBE835}.Debug|Mixed Platforms.Build.0 = Release|Any CPU
		{DCCDCD44-F22A-4071-A7D3-9D149CBBE835}.Debug|STANDARDSDK_500 (ARMV4I).ActiveCfg = Release|Any CPU
		{DCCDCD44-F22A-4071-A7D3-9D149CBBE835}.Debug|Win32.ActiveCfg = Release|Any CPU
		{DCCDCD44-F22A-4071-A7D3-9D149CBBE835}.Debug|x86.ActiveCfg = Release|Any CPU
		{DCCDCD44-F22A-4071-A7D3-9D149CBBE835}.Release|Any CPU.ActiveCfg = VS2008 Release|Any CPU
		{DCCDCD44-F22A-4071-A7D3-9D149CBBE835}.Release|Any CPU.Build.0 = VS2008 Release|Any CPU
		{DCCDCD44-F22A-4071-A7D3-9D149CBBE835}.Release|Mixed Platforms.ActiveCfg = Release|Any CPU
		{DCCDCD44-F22A-4071-A7D3-9D149CBBE835}.Release|Mixed Platforms.Build.0 = Release|Any CPU
		{DCCDCD44-F22A-4071-A7D3-9D149CBBE835}.Release|STANDARDSDK_500 (ARMV4I).ActiveCfg = Release|Any CPU
		{DCCDCD44-F22A-4071-A7D3-9D149CBBE835}.Release|Win32.ActiveCfg = Release|Any CPU
		{DCCDCD44-F22A-4071-A7D3-9D149CBBE835}.Release|x86.ActiveCfg = Release|Any CPU
		{DCCDCD44-F22A-4071-A7D3-9D149CBBE835}.USB Debug|Any CPU.ActiveCfg = Release|Any CPU
		{DCCDCD44-F22A-4071-A7D3-9D149CBBE835}.USB Debug|Any CPU.Build.0 = Release|Any CPU
		{DCCDCD44-F22A-4071-A7D3-9D149CBBE835}.USB Debug|Mixed Platforms.ActiveCfg = Release|Any CPU
		{DCCDCD44-F22A-4071-A7D3-9D149CBBE835}.USB Debug|Mixed Platforms.Build.0 = Release|Any CPU
		{DCCDCD44-F22A-4071-A7D3-9D149CBBE835}.USB Debug|STANDARDSDK_500 (ARMV4I).ActiveCfg = Release|Any CPU
		{DCCDCD44-F22A-4071-A7D3-9D149CBBE835}.USB Debug|Win32.ActiveCfg = Release|Any CPU
		{DCCDCD44-F22A-4071-A7D3-9D149CBBE835}.USB Debug|x86.ActiveCfg = Release|Any CPU
		{DCCDCD44-F22A-4071-A7D3-9D149CBBE835}.USB Release|Any CPU.ActiveCfg = Release|Any CPU
		{DCCDCD44-F22A-4071-A7D3-9D149CBBE835}.USB Release|Any CPU.Build.0 = Release|Any CPU
		{DCCDCD44-F22A-4071-A7D3-9D149CBBE835}.USB Release|Mixed Platforms.ActiveCfg = Release|Any CPU
		{DCCDCD44-F22A-4071-A7D3-9D149CBBE835}.USB Release|Mixed Platforms.Build.0 = Release|Any CPU
		{DCCDCD44-F22A-4071-A7D3-9D149CBBE835}.USB Release|STANDARDSDK_500 (ARMV4I).ActiveCfg = Release|Any CPU
		{DCCDCD44-F22A-4071-A7D3-9D149CBBE835}.USB Release|Win32.ActiveCfg = Release|Any CPU
		{DCCDCD44-F22A-4071-A7D3-9D149CBBE835}.USB Release|x86.ActiveCfg = Release|Any CPU
		{DCCDCD44-F22A-4071-A7D3-9D149CBBE835}.VS2008 Release|Any CPU.ActiveCfg = VS2008 Release|Any CPU
		{DCCDCD44-F22A-4071-A7D3-9D149CBBE835}.VS2008 Release|Any CPU.Build.0 = VS2008 Release|Any CPU
		{DCCDCD44-F22A-4071-A7D3-9D149CBBE835}.VS2008 Release|Mixed Platforms.ActiveCfg = VS2008 Release|Any CPU
		{DCCDCD44-F22A-4071-A7D3-9D149CBBE835}.VS2008 Release|Mixed Platforms.Build.0 = VS2008 Release|Any CPU
		{DCCDCD44-F22A-4071-A7D3-9D149CBBE835}.VS2008 Release|STANDARDSDK_500 (ARMV4I).ActiveCfg = VS2008 Release|Any CPU
		{DCCDCD44-F22A-4071-A7D3-9D149CBBE835}.VS2008 Release|Win32.ActiveCfg = VS2008 Release|Any CPU
		{DCCDCD44-F22A-4071-A7D3-9D149CBBE835}.VS2008 Release|x86.ActiveCfg = VS2008 Release|Any CPU
		{7337347A-11B3-45F5-B63B-2372B97707B6}.CS101 Debug|Any CPU.ActiveCfg = Release|Any CPU
		{7337347A-11B3-45F5-B63B-2372B97707B6}.CS101 Debug|Any CPU.Build.0 = Release|Any CPU
		{7337347A-11B3-45F5-B63B-2372B97707B6}.CS101 Debug|Mixed Platforms.ActiveCfg = Release|Any CPU
		{7337347A-11B3-45F5-B63B-2372B97707B6}.CS101 Debug|Mixed Platforms.Build.0 = Release|Any CPU
		{7337347A-11B3-45F5-B63B-2372B97707B6}.CS101 Debug|STANDARDSDK_500 (ARMV4I).ActiveCfg = Release|Any CPU
		{7337347A-11B3-45F5-B63B-2372B97707B6}.CS101 Debug|Win32.ActiveCfg = Release|Any CPU
		{7337347A-11B3-45F5-B63B-2372B97707B6}.CS101 Debug|x86.ActiveCfg = Release|Any CPU
		{7337347A-11B3-45F5-B63B-2372B97707B6}.CS101 Release|Any CPU.ActiveCfg = Release|Any CPU
		{7337347A-11B3-45F5-B63B-2372B97707B6}.CS101 Release|Any CPU.Build.0 = Release|Any CPU
		{7337347A-11B3-45F5-B63B-2372B97707B6}.CS101 Release|Mixed Platforms.ActiveCfg = Release|Any CPU
		{7337347A-11B3-45F5-B63B-2372B97707B6}.CS101 Release|Mixed Platforms.Build.0 = Release|Any CPU
		{7337347A-11B3-45F5-B63B-2372B97707B6}.CS101 Release|STANDARDSDK_500 (ARMV4I).ActiveCfg = Release|Any CPU
		{7337347A-11B3-45F5-B63B-2372B97707B6}.CS101 Release|Win32.ActiveCfg = Release|Any CPU
		{7337347A-11B3-45F5-B63B-2372B97707B6}.CS101 Release|x86.ActiveCfg = Release|Any CPU
		{7337347A-11B3-45F5-B63B-2372B97707B6}.CS203 Debug|Any CPU.ActiveCfg = Release|Any CPU
		{7337347A-11B3-45F5-B63B-2372B97707B6}.CS203 Debug|Any CPU.Build.0 = Release|Any CPU
		{7337347A-11B3-45F5-B63B-2372B97707B6}.CS203 Debug|Mixed Platforms.ActiveCfg = Release|Any CPU
		{7337347A-11B3-45F5-B63B-2372B97707B6}.CS203 Debug|Mixed Platforms.Build.0 = Release|Any CPU
		{7337347A-11B3-45F5-B63B-2372B97707B6}.CS203 Debug|STANDARDSDK_500 (ARMV4I).ActiveCfg = Release|Any CPU
		{7337347A-11B3-45F5-B63B-2372B97707B6}.CS203 Debug|Win32.ActiveCfg = Release|Any CPU
		{7337347A-11B3-45F5-B63B-2372B97707B6}.CS203 Debug|x86.ActiveCfg = Release|Any CPU
		{7337347A-11B3-45F5-B63B-2372B97707B6}.CS203 Release|Any CPU.ActiveCfg = Release|Any CPU
		{7337347A-11B3-45F5-B63B-2372B97707B6}.CS203 Release|Any CPU.Build.0 = Release|Any CPU
		{7337347A-11B3-45F5-B63B-2372B97707B6}.CS203 Release|Mixed Platforms.ActiveCfg = Release|Any CPU
		{7337347A-11B3-45F5-B63B-2372B97707B6}.CS203 Release|Mixed Platforms.Build.0 = Release|Any CPU
		{7337347A-11B3-45F5-B63B-2372B97707B6}.CS203 Release|STANDARDSDK_500 (ARMV4I).ActiveCfg = Release|Any CPU
		{7337347A-11B3-45F5-B63B-2372B97707B6}.CS203 Release|Win32.ActiveCfg = Release|Any CPU
		{7337347A-11B3-45F5-B63B-2372B97707B6}.CS203 Release|x86.ActiveCfg = Release|Any CPU
		{7337347A-11B3-45F5-B63B-2372B97707B6}.Debug|Any CPU.ActiveCfg = Debug|Any CPU
		{7337347A-11B3-45F5-B63B-2372B97707B6}.Debug|Mixed Platforms.ActiveCfg = Release|Any CPU
		{7337347A-11B3-45F5-B63B-2372B97707B6}.Debug|Mixed Platforms.Build.0 = Release|Any CPU
		{7337347A-11B3-45F5-B63B-2372B97707B6}.Debug|STANDARDSDK_500 (ARMV4I).ActiveCfg = Release|Any CPU
		{7337347A-11B3-45F5-B63B-2372B97707B6}.Debug|Win32.ActiveCfg = Release|Any CPU
		{7337347A-11B3-45F5-B63B-2372B97707B6}.Debug|x86.ActiveCfg = Release|Any CPU
		{7337347A-11B3-45F5-B63B-2372B97707B6}.Release|Any CPU.ActiveCfg = Release|Any CPU
		{7337347A-11B3-45F5-B63B-2372B97707B6}.Release|Any CPU.Build.0 = Release|Any CPU
		{7337347A-11B3-45F5-B63B-2372B97707B6}.Release|Mixed Platforms.ActiveCfg = Release|Any CPU
		{7337347A-11B3-45F5-B63B-2372B97707B6}.Release|Mixed Platforms.Build.0 = Release|Any CPU
		{7337347A-11B3-45F5-B63B-2372B97707B6}.Release|STANDARDSDK_500 (ARMV4I).ActiveCfg = Release|Any CPU
		{7337347A-11B3-45F5-B63B-2372B97707B6}.Release|Win32.ActiveCfg = Release|Any CPU
		{7337347A-11B3-45F5-B63B-2372B97707B6}.Release|x86.ActiveCfg = Release|Any CPU
		{7337347A-11B3-45F5-B63B-2372B97707B6}.USB Debug|Any CPU.ActiveCfg = Release|Any CPU
		{7337347A-11B3-45F5-B63B-2372B97707B6}.USB Debug|Any CPU.Build.0 = Release|Any CPU
		{7337347A-11B3-45F5-B63B-2372B97707B6}.USB Debug|Mixed Platforms.ActiveCfg = Release|Any CPU
		{7337347A-11B3-45F5-B63B-2372B97707B6}.USB Debug|Mixed Platforms.Build.0 = Release|Any CPU
		{7337347A-11B3-45F5-B63B-2372B97707B6}.USB Debug|STANDARDSDK_500 (ARMV4I).ActiveCfg = Release|Any CPU
		{7337347A-11B3-45F5-B63B-2372B97707B6}.USB Debug|Win32.ActiveCfg = Release|Any CPU
		{7337347A-11B3-45F5-B63B-2372B97707B6}.USB Debug|x86.ActiveCfg = Release|Any CPU
		{7337347A-11B3-45F5-B63B-2372B97707B6}.USB Release|Any CPU.ActiveCfg = Release|Any CPU
		{7337347A-11B3-45F5-B63B-2372B97707B6}.USB Release|Any CPU.Build.0 = Release|Any CPU
		{7337347A-11B3-45F5-B63B-2372B97707B6}.USB Release|Mixed Platforms.ActiveCfg = Release|Any CPU
		{7337347A-11B3-45F5-B63B-2372B97707B6}.USB Release|Mixed Platforms.Build.0 = Release|Any CPU
		{7337347A-11B3-45F5-B63B-2372B97707B6}.USB Release|STANDARDSDK_500 (ARMV4I).ActiveCfg = Release|Any CPU
		{7337347A-11B3-45F5-B63B-2372B97707B6}.USB Release|Win32.ActiveCfg = Release|Any CPU
		{7337347A-11B3-45F5-B63B-2372B97707B6}.USB Release|x86.ActiveCfg = Release|Any CPU
		{7337347A-11B3-45F5-B63B-2372B97707B6}.VS2008 Release|Any CPU.ActiveCfg = Release|Any CPU
		{7337347A-11B3-45F5-B63B-2372B97707B6}.VS2008 Release|Any CPU.Build.0 = Release|Any CPU
		{7337347A-11B3-45F5-B63B-2372B97707B6}.VS2008 Release|Mixed Platforms.ActiveCfg = Release|Any CPU
		{7337347A-11B3-45F5-B63B-2372B97707B6}.VS2008 Release|Mixed Platforms.Build.0 = Release|Any CPU
		{7337347A-11B3-45F5-B63B-2372B97707B6}.VS2008 Release|STANDARDSDK_500 (ARMV4I).ActiveCfg = Release|Any CPU
		{7337347A-11B3-45F5-B63B-2372B97707B6}.VS2008 Release|Win32.ActiveCfg = Release|Any CPU
		{7337347A-11B3-45F5-B63B-2372B97707B6}.VS2008 Release|x86.ActiveCfg = Release|Any CPU
		{0BD97FF2-CF93-42E9-A1AB-DBC0FD7DD5EF}.CS101 Debug|Any CPU.ActiveCfg = Debug|Any CPU
		{0BD97FF2-CF93-42E9-A1AB-DBC0FD7DD5EF}.CS101 Debug|Any CPU.Build.0 = Debug|Any CPU
		{0BD97FF2-CF93-42E9-A1AB-DBC0FD7DD5EF}.CS101 Debug|Mixed Platforms.ActiveCfg = Debug|Any CPU
		{0BD97FF2-CF93-42E9-A1AB-DBC0FD7DD5EF}.CS101 Debug|Mixed Platforms.Build.0 = Debug|Any CPU
		{0BD97FF2-CF93-42E9-A1AB-DBC0FD7DD5EF}.CS101 Debug|STANDARDSDK_500 (ARMV4I).ActiveCfg = Debug|Any CPU
		{0BD97FF2-CF93-42E9-A1AB-DBC0FD7DD5EF}.CS101 Debug|Win32.ActiveCfg = Debug|Any CPU
		{0BD97FF2-CF93-42E9-A1AB-DBC0FD7DD5EF}.CS101 Debug|x86.ActiveCfg = Debug|Any CPU
		{0BD97FF2-CF93-42E9-A1AB-DBC0FD7DD5EF}.CS101 Release|Any CPU.ActiveCfg = Release|Any CPU
		{0BD97FF2-CF93-42E9-A1AB-DBC0FD7DD5EF}.CS101 Release|Any CPU.Build.0 = Release|Any CPU
		{0BD97FF2-CF93-42E9-A1AB-DBC0FD7DD5EF}.CS101 Release|Mixed Platforms.ActiveCfg = Release|Any CPU
		{0BD97FF2-CF93-42E9-A1AB-DBC0FD7DD5EF}.CS101 Release|Mixed Platforms.Build.0 = Release|Any CPU
		{0BD97FF2-CF93-42E9-A1AB-DBC0FD7DD5EF}.CS101 Release|STANDARDSDK_500 (ARMV4I).ActiveCfg = Release|Any CPU
		{0BD97FF2-CF93-42E9-A1AB-DBC0FD7DD5EF}.CS101 Release|Win32.ActiveCfg = Release|Any CPU
		{0BD97FF2-CF93-42E9-A1AB-DBC0FD7DD5EF}.CS101 Release|x86.ActiveCfg = Release|Any CPU
		{0BD97FF2-CF93-42E9-A1AB-DBC0FD7DD5EF}.CS203 Debug|Any CPU.ActiveCfg = Debug|Any CPU
		{0BD97FF2-CF93-42E9-A1AB-DBC0FD7DD5EF}.CS203 Debug|Any CPU.Build.0 = Debug|Any CPU
		{0BD97FF2-CF93-42E9-A1AB-DBC0FD7DD5EF}.CS203 Debug|Mixed Platforms.ActiveCfg = Debug|Any CPU
		{0BD97FF2-CF93-42E9-A1AB-DBC0FD7DD5EF}.CS203 Debug|Mixed Platforms.Build.0 = Debug|Any CPU
		{0BD97FF2-CF93-42E9-A1AB-DBC0FD7DD5EF}.CS203 Debug|STANDARDSDK_500 (ARMV4I).ActiveCfg = Debug|Any CPU
		{0BD97FF2-CF93-42E9-A1AB-DBC0FD7DD5EF}.CS203 Debug|Win32.ActiveCfg = Debug|Any CPU
		{0BD97FF2-CF93-42E9-A1AB-DBC0FD7DD5EF}.CS203 Debug|x86.ActiveCfg = Debug|Any CPU
		{0BD97FF2-CF93-42E9-A1AB-DBC0FD7DD5EF}.CS203 Release|Any CPU.ActiveCfg = Release|Any CPU
		{0BD97FF2-CF93-42E9-A1AB-DBC0FD7DD5EF}.CS203 Release|Any CPU.Build.0 = Release|Any CPU
		{0BD97FF2-CF93-42E9-A1AB-DBC0FD7DD5EF}.CS203 Release|Mixed Platforms.ActiveCfg = Release|Any CPU
		{0BD97FF2-CF93-42E9-A1AB-DBC0FD7DD5EF}.CS203 Release|Mixed Platforms.Build.0 = Release|Any CPU
		{0BD97FF2-CF93-42E9-A1AB-DBC0FD7DD5EF}.CS203 Release|STANDARDSDK_500 (ARMV4I).ActiveCfg = Release|Any CPU
		{0BD97FF2-CF93-42E9-A1AB-DBC0FD7DD5EF}.CS203 Release|Win32.ActiveCfg = Release|Any CPU
		{0BD97FF2-CF93-42E9-A1AB-DBC0FD7DD5EF}.CS203 Release|x86.ActiveCfg = Release|Any CPU
		{0BD97FF2-CF93-42E9-A1AB-DBC0FD7DD5EF}.Debug|Any CPU.ActiveCfg = Debug|Any CPU
		{0BD97FF2-CF93-42E9-A1AB-DBC0FD7DD5EF}.Debug|Any CPU.Build.0 = Debug|Any CPU
		{0BD97FF2-CF93-42E9-A1AB-DBC0FD7DD5EF}.Debug|Mixed Platforms.ActiveCfg = Debug|Any CPU
		{0BD97FF2-CF93-42E9-A1AB-DBC0FD7DD5EF}.Debug|Mixed Platforms.Build.0 = Debug|Any CPU
		{0BD97FF2-CF93-42E9-A1AB-DBC0FD7DD5EF}.Debug|STANDARDSDK_500 (ARMV4I).ActiveCfg = Debug|Any CPU
		{0BD97FF2-CF93-42E9-A1AB-DBC0FD7DD5EF}.Debug|Win32.ActiveCfg = Debug|Any CPU
		{0BD97FF2-CF93-42E9-A1AB-DBC0FD7DD5EF}.Debug|x86.ActiveCfg = Debug|Any CPU
		{0BD97FF2-CF93-42E9-A1AB-DBC0FD7DD5EF}.Release|Any CPU.ActiveCfg = Release|Any CPU
		{0BD97FF2-CF93-42E9-A1AB-DBC0FD7DD5EF}.Release|Any CPU.Build.0 = Release|Any CPU
		{0BD97FF2-CF93-42E9-A1AB-DBC0FD7DD5EF}.Release|Mixed Platforms.ActiveCfg = Release|Any CPU
		{0BD97FF2-CF93-42E9-A1AB-DBC0FD7DD5EF}.Release|Mixed Platforms.Build.0 = Release|Any CPU
		{0BD97FF2-CF93-42E9-A1AB-DBC0FD7DD5EF}.Release|STANDARDSDK_500 (ARMV4I).ActiveCfg = Release|Any CPU
		{0BD97FF2-CF93-42E9-A1AB-DBC0FD7DD5EF}.Release|Win32.ActiveCfg = Release|Any CPU
		{0BD97FF2-CF93-42E9-A1AB-DBC0FD7DD5EF}.Release|x86.ActiveCfg = Release|Any CPU
		{0BD97FF2-CF93-42E9-A1AB-DBC0FD7DD5EF}.USB Debug|Any CPU.ActiveCfg = Debug|Any CPU
		{0BD97FF2-CF93-42E9-A1AB-DBC0FD7DD5EF}.USB Debug|Any CPU.Build.0 = Debug|Any CPU
		{0BD97FF2-CF93-42E9-A1AB-DBC0FD7DD5EF}.USB Debug|Mixed Platforms.ActiveCfg = Debug|Any CPU
		{0BD97FF2-CF93-42E9-A1AB-DBC0FD7DD5EF}.USB Debug|Mixed Platforms.Build.0 = Debug|Any CPU
		{0BD97FF2-CF93-42E9-A1AB-DBC0FD7DD5EF}.USB Debug|STANDARDSDK_500 (ARMV4I).ActiveCfg = Debug|Any CPU
		{0BD97FF2-CF93-42E9-A1AB-DBC0FD7DD5EF}.USB Debug|Win32.ActiveCfg = Debug|Any CPU
		{0BD97FF2-CF93-42E9-A1AB-DBC0FD7DD5EF}.USB Debug|x86.ActiveCfg = Debug|Any CPU
		{0BD97FF2-CF93-42E9-A1AB-DBC0FD7DD5EF}.USB Release|Any CPU.ActiveCfg = Release|Any CPU
		{0BD97FF2-CF93-42E9-A1AB-DBC0FD7DD5EF}.USB Release|Any CPU.Build.0 = Release|Any CPU
		{0BD97FF2-CF93-42E9-A1AB-DBC0FD7DD5EF}.USB Release|Mixed Platforms.ActiveCfg = Release|Any CPU
		{0BD97FF2-CF93-42E9-A1AB-DBC0FD7DD5EF}.USB Release|Mixed Platforms.Build.0 = Release|Any CPU
		{0BD97FF2-CF93-42E9-A1AB-DBC0FD7DD5EF}.USB Release|STANDARDSDK_500 (ARMV4I).ActiveCfg = Release|Any CPU
		{0BD97FF2-CF93-42E9-A1AB-DBC0FD7DD5EF}.USB Release|Win32.ActiveCfg = Release|Any CPU
		{0BD97FF2-CF93-42E9-A1AB-DBC0FD7DD5EF}.USB Release|x86.ActiveCfg = Release|Any CPU
		{0BD97FF2-CF93-42E9-A1AB-DBC0FD7DD5EF}.VS2008 Release|Any CPU.ActiveCfg = Release|Any CPU
		{0BD97FF2-CF93-42E9-A1AB-DBC0FD7DD5EF}.VS2008 Release|Any CPU.Build.0 = Release|Any CPU
		{0BD97FF2-CF93-42E9-A1AB-DBC0FD7DD5EF}.VS2008 Release|Mixed Platforms.ActiveCfg = Release|Any CPU
		{0BD97FF2-CF93-42E9-A1AB-DBC0FD7DD5EF}.VS2008 Release|Mixed Platforms.Build.0 = Release|Any CPU
		{0BD97FF2-CF93-42E9-A1AB-DBC0FD7DD5EF}.VS2008 Release|STANDARDSDK_500 (ARMV4I).ActiveCfg = Release|Any CPU
		{0BD97FF2-CF93-42E9-A1AB-DBC0FD7DD5EF}.VS2008 Release|Win32.ActiveCfg = Release|Any CPU
		{0BD97FF2-CF93-42E9-A1AB-DBC0FD7DD5EF}.VS2008 Release|x86.ActiveCfg = Release|Any CPU
		{A90DAC3B-F7F4-4361-9DC7-B9402C03B7A2}.CS101 Debug|Any CPU.ActiveCfg = Release|Any CPU
		{A90DAC3B-F7F4-4361-9DC7-B9402C03B7A2}.CS101 Debug|Any CPU.Build.0 = Release|Any CPU
		{A90DAC3B-F7F4-4361-9DC7-B9402C03B7A2}.CS101 Debug|Mixed Platforms.ActiveCfg = Release|Any CPU
		{A90DAC3B-F7F4-4361-9DC7-B9402C03B7A2}.CS101 Debug|Mixed Platforms.Build.0 = Release|Any CPU
		{A90DAC3B-F7F4-4361-9DC7-B9402C03B7A2}.CS101 Debug|STANDARDSDK_500 (ARMV4I).ActiveCfg = Release|Any CPU
		{A90DAC3B-F7F4-4361-9DC7-B9402C03B7A2}.CS101 Debug|Win32.ActiveCfg = Release|Any CPU
		{A90DAC3B-F7F4-4361-9DC7-B9402C03B7A2}.CS101 Debug|x86.ActiveCfg = Release|Any CPU
		{A90DAC3B-F7F4-4361-9DC7-B9402C03B7A2}.CS101 Release|Any CPU.ActiveCfg = Release|Any CPU
		{A90DAC3B-F7F4-4361-9DC7-B9402C03B7A2}.CS101 Release|Any CPU.Build.0 = Release|Any CPU
		{A90DAC3B-F7F4-4361-9DC7-B9402C03B7A2}.CS101 Release|Mixed Platforms.ActiveCfg = Release|Any CPU
		{A90DAC3B-F7F4-4361-9DC7-B9402C03B7A2}.CS101 Release|Mixed Platforms.Build.0 = Release|Any CPU
		{A90DAC3B-F7F4-4361-9DC7-B9402C03B7A2}.CS101 Release|STANDARDSDK_500 (ARMV4I).ActiveCfg = Release|Any CPU
		{A90DAC3B-F7F4-4361-9DC7-B9402C03B7A2}.CS101 Release|Win32.ActiveCfg = Release|Any CPU
		{A90DAC3B-F7F4-4361-9DC7-B9402C03B7A2}.CS101 Release|x86.ActiveCfg = Release|Any CPU
		{A90DAC3B-F7F4-4361-9DC7-B9402C03B7A2}.CS203 Debug|Any CPU.ActiveCfg = Release|Any CPU
		{A90DAC3B-F7F4-4361-9DC7-B9402C03B7A2}.CS203 Debug|Any CPU.Build.0 = Release|Any CPU
		{A90DAC3B-F7F4-4361-9DC7-B9402C03B7A2}.CS203 Debug|Mixed Platforms.ActiveCfg = Release|Any CPU
		{A90DAC3B-F7F4-4361-9DC7-B9402C03B7A2}.CS203 Debug|Mixed Platforms.Build.0 = Release|Any CPU
		{A90DAC3B-F7F4-4361-9DC7-B9402C03B7A2}.CS203 Debug|STANDARDSDK_500 (ARMV4I).ActiveCfg = Release|Any CPU
		{A90DAC3B-F7F4-4361-9DC7-B9402C03B7A2}.CS203 Debug|Win32.ActiveCfg = Release|Any CPU
		{A90DAC3B-F7F4-4361-9DC7-B9402C03B7A2}.CS203 Debug|x86.ActiveCfg = Release|Any CPU
		{A90DAC3B-F7F4-4361-9DC7-B9402C03B7A2}.CS203 Release|Any CPU.ActiveCfg = Release|Any CPU
		{A90DAC3B-F7F4-4361-9DC7-B9402C03B7A2}.CS203 Release|Any CPU.Build.0 = Release|Any CPU
		{A90DAC3B-F7F4-4361-9DC7-B9402C03B7A2}.CS203 Release|Mixed Platforms.ActiveCfg = Release|Any CPU
		{A90DAC3B-F7F4-4361-9DC7-B9402C03B7A2}.CS203 Release|Mixed Platforms.Build.0 = Release|Any CPU
		{A90DAC3B-F7F4-4361-9DC7-B9402C03B7A2}.CS203 Release|STANDARDSDK_500 (ARMV4I).ActiveCfg = Release|Any CPU
		{A90DAC3B-F7F4-4361-9DC7-B9402C03B7A2}.CS203 Release|Win32.ActiveCfg = Release|Any CPU
		{A90DAC3B-F7F4-4361-9DC7-B9402C03B7A2}.CS203 Release|x86.ActiveCfg = Release|Any CPU
		{A90DAC3B-F7F4-4361-9DC7-B9402C03B7A2}.Debug|Any CPU.ActiveCfg = Release|Any CPU
		{A90DAC3B-F7F4-4361-9DC7-B9402C03B7A2}.Debug|Any CPU.Build.0 = Release|Any CPU
		{A90DAC3B-F7F4-4361-9DC7-B9402C03B7A2}.Debug|Mixed Platforms.ActiveCfg = Release|Any CPU
		{A90DAC3B-F7F4-4361-9DC7-B9402C03B7A2}.Debug|Mixed Platforms.Build.0 = Release|Any CPU
		{A90DAC3B-F7F4-4361-9DC7-B9402C03B7A2}.Debug|STANDARDSDK_500 (ARMV4I).ActiveCfg = Release|Any CPU
		{A90DAC3B-F7F4-4361-9DC7-B9402C03B7A2}.Debug|Win32.ActiveCfg = Release|Any CPU
		{A90DAC3B-F7F4-4361-9DC7-B9402C03B7A2}.Debug|x86.ActiveCfg = Release|Any CPU
		{A90DAC3B-F7F4-4361-9DC7-B9402C03B7A2}.Release|Any CPU.ActiveCfg = Release|Any CPU
		{A90DAC3B-F7F4-4361-9DC7-B9402C03B7A2}.Release|Any CPU.Build.0 = Release|Any CPU
		{A90DAC3B-F7F4-4361-9DC7-B9402C03B7A2}.Release|Mixed Platforms.ActiveCfg = Release|Any CPU
		{A90DAC3B-F7F4-4361-9DC7-B9402C03B7A2}.Release|Mixed Platforms.Build.0 = Release|Any CPU
		{A90DAC3B-F7F4-4361-9DC7-B9402C03B7A2}.Release|STANDARDSDK_500 (ARMV4I).ActiveCfg = Release|Any CPU
		{A90DAC3B-F7F4-4361-9DC7-B9402C03B7A2}.Release|Win32.ActiveCfg = Release|Any CPU
		{A90DAC3B-F7F4-4361-9DC7-B9402C03B7A2}.Release|x86.ActiveCfg = Release|Any CPU
		{A90DAC3B-F7F4-4361-9DC7-B9402C03B7A2}.USB Debug|Any CPU.ActiveCfg = Release|Any CPU
		{A90DAC3B-F7F4-4361-9DC7-B9402C03B7A2}.USB Debug|Any CPU.Build.0 = Release|Any CPU
		{A90DAC3B-F7F4-4361-9DC7-B9402C03B7A2}.USB Debug|Mixed Platforms.ActiveCfg = Release|Any CPU
		{A90DAC3B-F7F4-4361-9DC7-B9402C03B7A2}.USB Debug|Mixed Platforms.Build.0 = Release|Any CPU
		{A90DAC3B-F7F4-4361-9DC7-B9402C03B7A2}.USB Debug|STANDARDSDK_500 (ARMV4I).ActiveCfg = Release|Any CPU
		{A90DAC3B-F7F4-4361-9DC7-B9402C03B7A2}.USB Debug|Win32.ActiveCfg = Release|Any CPU
		{A90DAC3B-F7F4-4361-9DC7-B9402C03B7A2}.USB Debug|x86.ActiveCfg = Release|Any CPU
		{A90DAC3B-F7F4-4361-9DC7-B9402C03B7A2}.USB Release|Any CPU.ActiveCfg = Release|Any CPU
		{A90DAC3B-F7F4-4361-9DC7-B9402C03B7A2}.USB Release|Any CPU.Build.0 = Release|Any CPU
		{A90DAC3B-F7F4-4361-9DC7-B9402C03B7A2}.USB Release|Mixed Platforms.ActiveCfg = Release|Any CPU
		{A90DAC3B-F7F4-4361-9DC7-B9402C03B7A2}.USB Release|Mixed Platforms.Build.0 = Release|Any CPU
		{A90DAC3B-F7F4-4361-9DC7-B9402C03B7A2}.USB Release|STANDARDSDK_500 (ARMV4I).ActiveCfg = Release|Any CPU
		{A90DAC3B-F7F4-4361-9DC7-B9402C03B7A2}.USB Release|Win32.ActiveCfg = Release|Any CPU
		{A90DAC3B-F7F4-4361-9DC7-B9402C03B7A2}.USB Release|x86.ActiveCfg = Release|Any CPU
		{A90DAC3B-F7F4-4361-9DC7-B9402C03B7A2}.VS2008 Release|Any CPU.ActiveCfg = VS2008 Release|Any CPU
		{A90DAC3B-F7F4-4361-9DC7-B9402C03B7A2}.VS2008 Release|Any CPU.Build.0 = VS2008 Release|Any CPU
		{A90DAC3B-F7F4-4361-9DC7-B9402C03B7A2}.VS2008 Release|Mixed Platforms.ActiveCfg = VS2008 Release|Any CPU
		{A90DAC3B-F7F4-4361-9DC7-B9402C03B7A2}.VS2008 Release|Mixed Platforms.Build.0 = VS2008 Release|Any CPU
		{A90DAC3B-F7F4-4361-9DC7-B9402C03B7A2}.VS2008 Release|STANDARDSDK_500 (ARMV4I).ActiveCfg = VS2008 Release|Any CPU
		{A90DAC3B-F7F4-4361-9DC7-B9402C03B7A2}.VS2008 Release|Win32.ActiveCfg = VS2008 Release|Any CPU
		{A90DAC3B-F7F4-4361-9DC7-B9402C03B7A2}.VS2008 Release|x86.ActiveCfg = VS2008 Release|Any CPU
	EndGlobalSection
	GlobalSection(SolutionProperties) = preSolution
		HideSolutionNode = FALSE
	EndGlobalSection
	GlobalSection(NestedProjects) = preSolution
		{699513B0-590A-44AD-BB09-27D5E30E832E} = {DE67C4BE-2FA1-46DE-93D3-4C0FC7BDEF0B}
		{9E398038-289E-4E94-B26F-63A51925BBA4} = {699513B0-590A-44AD-BB09-27D5E30E832E}
		{DCCDCD44-F22A-4071-A7D3-9D149CBBE835} = {DDA9A0A9-3796-4C87-BAF4-23DE4B612129}
		{7337347A-11B3-45F5-B63B-2372B97707B6} = {DDA9A0A9-3796-4C87-BAF4-23DE4B612129}
		{0BD97FF2-CF93-42E9-A1AB-DBC0FD7DD5EF} = {DDA9A0A9-3796-4C87-BAF4-23DE4B612129}
		{A90DAC3B-F7F4-4361-9DC7-B9402C03B7A2} = {DDA9A0A9-3796-4C87-BAF4-23DE4B612129}
	EndGlobalSection
	GlobalSection(ExtensibilityGlobals) = postSolution
		SolutionGuid = {D6EB2E04-38A3-4A43-947F-DD87C61B1154}
	EndGlobalSection
EndGlobal
